
Microsoft Visual Studio Solution File, Format Version 12.00
# Visual Studio Version 17
VisualStudioVersion = 17.4.33205.214
MinimumVisualStudioVersion = 10.0.40219.1
Project("{9A19103F-16F7-4668-BE54-9A1E7A4F7556}") = "HappyInventory.Server", "HappyInventory\Server\HappyInventory.Server.csproj", "{14BDB652-C584-4FD4-8CF6-884FAE55C90A}"
EndProject
Project("{9A19103F-16F7-4668-BE54-9A1E7A4F7556}") = "HappyInventory.Client", "HappyInventory\Client\HappyInventory.Client.csproj", "{BE19D37B-4E17-433A-AA14-2F18F8836D14}"
EndProject
Project("{9A19103F-16F7-4668-BE54-9A1E7A4F7556}") = "HappyInventory.Shared", "HappyInventory\Shared\HappyInventory.Shared.csproj", "{5E55A968-401D-4461-84A5-0A4D96869EA0}"
EndProject
Global
	GlobalSection(SolutionConfigurationPlatforms) = preSolution
		Debug|Any CPU = Debug|Any CPU
		Release|Any CPU = Release|Any CPU
	EndGlobalSection
	GlobalSection(ProjectConfigurationPlatforms) = postSolution
		{14BDB652-C584-4FD4-8CF6-884FAE55C90A}.Debug|Any CPU.ActiveCfg = Debug|Any CPU
		{14BDB652-C584-4FD4-8CF6-884FAE55C90A}.Debug|Any CPU.Build.0 = Debug|Any CPU
		{14BDB652-C584-4FD4-8CF6-884FAE55C90A}.Release|Any CPU.ActiveCfg = Release|Any CPU
		{14BDB652-C584-4FD4-8CF6-884FAE55C90A}.Release|Any CPU.Build.0 = Release|Any CPU
		{BE19D37B-4E17-433A-AA14-2F18F8836D14}.Debug|Any CPU.ActiveCfg = Debug|Any CPU
		{BE19D37B-4E17-433A-AA14-2F18F8836D14}.Debug|Any CPU.Build.0 = Debug|Any CPU
		{BE19D37B-4E17-433A-AA14-2F18F8836D14}.Release|Any CPU.ActiveCfg = Release|Any CPU
		{BE19D37B-4E17-433A-AA14-2F18F8836D14}.Release|Any CPU.Build.0 = Release|Any CPU
		{5E55A968-401D-4461-84A5-0A4D96869EA0}.Debug|Any CPU.ActiveCfg = Debug|Any CPU
		{5E55A968-401D-4461-84A5-0A4D96869EA0}.Debug|Any CPU.Build.0 = Debug|Any CPU
		{5E55A968-401D-4461-84A5-0A4D96869EA0}.Release|Any CPU.ActiveCfg = Release|Any CPU
		{5E55A968-401D-4461-84A5-0A4D96869EA0}.Release|Any CPU.Build.0 = Release|Any CPU
	EndGlobalSection
	GlobalSection(SolutionProperties) = preSolution
		HideSolutionNode = FALSE
	EndGlobalSection
	GlobalSection(ExtensibilityGlobals) = postSolution
		SolutionGuid = {CFF0DAB2-3722-406B-BF42-F7163BDC8A47}
	EndGlobalSection
EndGlobal
